
Microsoft Visual Studio Solution File, Format Version 12.00
# Visual Studio Version 16
VisualStudioVersion = 16.0.31402.337
MinimumVisualStudioVersion = 10.0.40219.1
Project("{FAE04EC0-301F-11D3-BF4B-00C04F79EFBC}") = "USB_Forensic", "USB_Forensic\USB_Forensic.csproj", "{30718B3C-C80D-46F5-A9C9-65FB0A94D83D}"
EndProject
Project("{FAE04EC0-301F-11D3-BF4B-00C04F79EFBC}") = "USB_Forensic_Core", "USB_Forensic_Core\USB_Forensic_Core.csproj", "{3138A5CD-7747-4D4D-996F-A59AF1EDBC84}"
EndProject
Global
	GlobalSection(SolutionConfigurationPlatforms) = preSolution
		Debug|Any CPU = Debug|Any CPU
		Release|Any CPU = Release|Any CPU
	EndGlobalSection
	GlobalSection(ProjectConfigurationPlatforms) = postSolution
		{30718B3C-C80D-46F5-A9C9-65FB0A94D83D}.Debug|Any CPU.ActiveCfg = Debug|Any CPU
		{30718B3C-C80D-46F5-A9C9-65FB0A94D83D}.Debug|Any CPU.Build.0 = Debug|Any CPU
		{30718B3C-C80D-46F5-A9C9-65FB0A94D83D}.Release|Any CPU.ActiveCfg = Release|Any CPU
		{30718B3C-C80D-46F5-A9C9-65FB0A94D83D}.Release|Any CPU.Build.0 = Release|Any CPU
		{3138A5CD-7747-4D4D-996F-A59AF1EDBC84}.Debug|Any CPU.ActiveCfg = Debug|Any CPU
		{3138A5CD-7747-4D4D-996F-A59AF1EDBC84}.Debug|Any CPU.Build.0 = Debug|Any CPU
		{3138A5CD-7747-4D4D-996F-A59AF1EDBC84}.Release|Any CPU.ActiveCfg = Release|Any CPU
		{3138A5CD-7747-4D4D-996F-A59AF1EDBC84}.Release|Any CPU.Build.0 = Release|Any CPU
	EndGlobalSection
	GlobalSection(SolutionProperties) = preSolution
		HideSolutionNode = FALSE
	EndGlobalSection
	GlobalSection(ExtensibilityGlobals) = postSolution
		SolutionGuid = {60944C69-ABBB-49EE-AE31-FBFDA29D646F}
	EndGlobalSection
EndGlobal
